{
  "name": "@astra-sdk/connector",
  "version": "1.1.2",
  "lockfileVersion": 1,
  "requires": true,
  "dependencies": {
    "@web3-react/abstract-connector": {
      "version": "6.0.7",
      "resolved": "https://registry.npmjs.org/@web3-react/abstract-connector/-/abstract-connector-6.0.7.tgz",
      "integrity": "sha512-RhQasA4Ox8CxUC0OENc1AJJm8UTybu/oOCM61Zjg6y0iF7Z0sqv1Ai1VdhC33hrQpA8qSBgoXN9PaP8jKmtdqg==",
      "requires": {
        "@web3-react/types": "^6.0.7"
      }
    },
    "@web3-react/types": {
      "version": "6.0.7",
      "resolved": "https://registry.npmjs.org/@web3-react/types/-/types-6.0.7.tgz",
      "integrity": "sha512-ofGmfDhxmNT1/P/MgVa8IKSkCStFiyvXe+U5tyZurKdrtTDFU+wJ/LxClPDtFerWpczNFPUSrKcuhfPX1sI6+A=="
    }
  }
}
