{
  "name": "@astra/my-storage",
  "version": "0.0.0",
  "lockfileVersion": 1,
  "requires": true,
  "dependencies": {
    "safe-json-utils": {
      "version": "1.1.1",
      "resolved": "https://registry.npmjs.org/safe-json-utils/-/safe-json-utils-1.1.1.tgz",
      "integrity": "sha512-SAJWGKDs50tAbiDXLf89PDwt9XYkWyANFWVzn4dTXl5QyI8t2o/bW5/OJl3lvc2WVU4MEpTo9Yz5NVFNsp+OJQ=="
    }
  }
}
